PODS:
  - ReplaceRootViewController (1.0.6)

DEPENDENCIES:
  - ReplaceRootViewController (from `../`)

EXTERNAL SOURCES:
  ReplaceRootViewController:
    :path: "../"

SPEC CHECKSUMS:
  ReplaceRootViewController: db042aaea3a6ccc4d2351f81e9ad53a7d94c5df0

PODFILE CHECKSUM: 19412853f9ca1f93bb08f3b334842d8002464efa

COCOAPODS: 1.9.3
